
Microsoft Visual Studio Solution File, Format Version 12.00
# Visual Studio Version 17
VisualStudioVersion = 17.4.33103.184
MinimumVisualStudioVersion = 10.0.40219.1
Project("{FAE04EC0-301F-11D3-BF4B-00C04F79EFBC}") = "lab3", "lab3\lab3.csproj", "{8D05C144-7B86-4F5F-A2F4-603586EB8B4F}"
EndProject
Global
	GlobalSection(SolutionConfigurationPlatforms) = preSolution
		Debug|Any CPU = Debug|Any CPU
		Release|Any CPU = Release|Any CPU
	EndGlobalSection
	GlobalSection(ProjectConfigurationPlatforms) = postSolution
		{8D05C144-7B86-4F5F-A2F4-603586EB8B4F}.Debug|Any CPU.ActiveCfg = Debug|Any CPU
		{8D05C144-7B86-4F5F-A2F4-603586EB8B4F}.Debug|Any CPU.Build.0 = Debug|Any CPU
		{8D05C144-7B86-4F5F-A2F4-603586EB8B4F}.Release|Any CPU.ActiveCfg = Release|Any CPU
		{8D05C144-7B86-4F5F-A2F4-603586EB8B4F}.Release|Any CPU.Build.0 = Release|Any CPU
	EndGlobalSection
	GlobalSection(SolutionProperties) = preSolution
		HideSolutionNode = FALSE
	EndGlobalSection
	GlobalSection(ExtensibilityGlobals) = postSolution
		SolutionGuid = {AB6476D3-F32C-4B74-86F2-21B3FB7A2A87}
	EndGlobalSection
EndGlobal
