
Microsoft Visual Studio Solution File, Format Version 12.00
# Visual Studio Version 17
VisualStudioVersion = 17.4.33103.184
MinimumVisualStudioVersion = 10.0.40219.1
Project("{FAE04EC0-301F-11D3-BF4B-00C04F79EFBC}") = "lab8", "lab8\lab8.csproj", "{CBB7470F-DE3D-4AB1-8756-B00FD94D76BD}"
EndProject
Global
	GlobalSection(SolutionConfigurationPlatforms) = preSolution
		Debug|Any CPU = Debug|Any CPU
		Release|Any CPU = Release|Any CPU
	EndGlobalSection
	GlobalSection(ProjectConfigurationPlatforms) = postSolution
		{CBB7470F-DE3D-4AB1-8756-B00FD94D76BD}.Debug|Any CPU.ActiveCfg = Debug|Any CPU
		{CBB7470F-DE3D-4AB1-8756-B00FD94D76BD}.Debug|Any CPU.Build.0 = Debug|Any CPU
		{CBB7470F-DE3D-4AB1-8756-B00FD94D76BD}.Release|Any CPU.ActiveCfg = Release|Any CPU
		{CBB7470F-DE3D-4AB1-8756-B00FD94D76BD}.Release|Any CPU.Build.0 = Release|Any CPU
	EndGlobalSection
	GlobalSection(SolutionProperties) = preSolution
		HideSolutionNode = FALSE
	EndGlobalSection
	GlobalSection(ExtensibilityGlobals) = postSolution
		SolutionGuid = {B0625AFE-5264-489E-B335-58702486DA66}
	EndGlobalSection
EndGlobal
